# This file is automatically @generated by pesde.
# It is not intended for manual editing.
format = 2
name = "storybakery/value_by_priority"
version = "0.1.6"
target = "roblox"

[overrides."BufferBuilder>BufferReader"]
repo = "https://github.com/StoryBakery/BufferReader"
rev = "b398d6f399a8f2910963eacedb8d05282aaf958a"

[overrides."Maid>Signal"]
repo = "https://github.com/StoryBakery/Signal"
rev = "6b736fa475ea571a0cb488b7ffbcc0f775d9fb5a"

[overrides."TypeInfos>ReplicatedInstanceId"]
repo = "https://github.com/StoryBakery/ReplicatedInstanceId"
rev = "acf7dc27b7dfd6058aaf8b29833f132a71c0e445"

[overrides."TypeInfos>TableUtil"]
repo = "https://github.com/StoryBakery/TableUtil"
rev = "961700292dd382b062955e16cac7ccccc361cdfa"

[graph."0x5eal/unzip@0.2.0 luau".pkg_ref]
ref_ty = "pesde"
index_url = "https://github.com/pesde-pkg/index"

[graph."0x5eal/unzip@0.2.0 luau".pkg_ref.dependencies]
asciitable = [{ name = "kimpure/asciitable", version = "^0.2.3", index = "https://github.com/pesde-pkg/index" }, "dev"]
dirs = [{ name = "jiwonz/dirs", version = "^0.6.0", index = "https://github.com/pesde-pkg/index", target = "lune" }, "dev"]
frktest = [{ name = "itsfrank/frktest", version = "^0.0.4", index = "https://github.com/pesde-pkg/index" }, "dev"]
luau-lsp = [{ name = "pesde/luau_lsp", version = "=1.53.2", index = "https://github.com/pesde-pkg/index", target = "lune" }, "dev"]
stylua = [{ name = "pesde/stylua", version = "=2.1.0", index = "https://github.com/pesde-pkg/index", target = "lune" }, "dev"]

[graph."jiwonz/dirs@0.6.0 lune".dependencies]
greentea = ["jiwonz/greentea_luau@0.2.0 luau", "standard"]
pathfs = ["jiwonz/pathfs@0.6.0 lune", "standard"]

[graph."jiwonz/dirs@0.6.0 lune".pkg_ref]
ref_ty = "pesde"
index_url = "https://github.com/pesde-pkg/index"

[graph."jiwonz/dirs@0.6.0 lune".pkg_ref.dependencies]
greentea = [{ name = "jiwonz/greentea_luau", version = "^0.2.0", index = "https://github.com/pesde-pkg/index", target = "luau" }, "standard"]
pathfs = [{ name = "jiwonz/pathfs", version = "^0.6.0", index = "https://github.com/pesde-pkg/index" }, "standard"]

[graph."jiwonz/greentea_luau@0.2.0 luau".pkg_ref]
ref_ty = "pesde"
index_url = "https://github.com/pesde-pkg/index"

[graph."jiwonz/luau_disk@0.2.0 luau".pkg_ref]
ref_ty = "pesde"
index_url = "https://github.com/pesde-pkg/index"

[graph."jiwonz/luau_path@0.2.0 luau".dependencies]
luau_disk = ["jiwonz/luau_disk@0.2.0 luau", "standard"]

[graph."jiwonz/luau_path@0.2.0 luau".pkg_ref]
ref_ty = "pesde"
index_url = "https://github.com/pesde-pkg/index"

[graph."jiwonz/luau_path@0.2.0 luau".pkg_ref.dependencies]
luau_disk = [{ name = "jiwonz/luau_disk", version = "^0.2.0", index = "https://github.com/pesde-pkg/index" }, "standard"]

[graph."jiwonz/pathfs@0.6.0 lune".dependencies]
greentea = ["jiwonz/greentea_luau@0.2.0 luau", "standard"]
luau_path = ["jiwonz/luau_path@0.2.0 luau", "standard"]

[graph."jiwonz/pathfs@0.6.0 lune".pkg_ref]
ref_ty = "pesde"
index_url = "https://github.com/pesde-pkg/index"

[graph."jiwonz/pathfs@0.6.0 lune".pkg_ref.dependencies]
frktest = [{ name = "itsfrank/frktest", version = "^0.0.4", index = "https://github.com/pesde-pkg/index", target = "luau" }, "dev"]
greentea = [{ name = "jiwonz/greentea_luau", version = "^0.2.0", index = "https://github.com/pesde-pkg/index", target = "luau" }, "standard"]
luau_path = [{ name = "jiwonz/luau_path", version = "^0.2.0", index = "https://github.com/pesde-pkg/index", target = "luau" }, "standard"]

[graph."lukadev_0/option@1.2.1 lune".pkg_ref]
ref_ty = "pesde"
index_url = "https://github.com/pesde-pkg/index"

[graph."lukadev_0/result@1.2.1 lune".pkg_ref]
ref_ty = "pesde"
index_url = "https://github.com/pesde-pkg/index"

[graph."pesde/rojo@7.6.1 lune"]
direct = ["rojo", { name = "pesde/rojo", version = "^7.5.1", index = "default", target = "lune" }, "dev"]

[graph."pesde/rojo@7.6.1 lune".dependencies]
option = ["lukadev_0/option@1.2.1 lune", "standard"]
result = ["lukadev_0/result@1.2.1 lune", "standard"]
toolchainlib = ["pesde/toolchainlib@0.2.2 lune", "standard"]

[graph."pesde/rojo@7.6.1 lune".pkg_ref]
ref_ty = "pesde"
index_url = "https://github.com/pesde-pkg/index"

[graph."pesde/rojo@7.6.1 lune".pkg_ref.dependencies]
option = [{ name = "lukadev_0/option", version = "^1.2.1", index = "https://github.com/pesde-pkg/index" }, "standard"]
result = [{ name = "lukadev_0/result", version = "^1.2.1", index = "https://github.com/pesde-pkg/index" }, "standard"]
toolchainlib = [{ name = "pesde/toolchainlib", version = "^0.2.1", index = "https://github.com/pesde-pkg/index", target = "lune" }, "standard"]

[graph."pesde/scripts_core@0.2.0 lune".pkg_ref]
ref_ty = "pesde"
index_url = "https://github.com/pesde-pkg/index"

[graph."pesde/scripts_core@0.2.0 lune".pkg_ref.dependencies]
argon = [{ name = "pesde/argon", version = "^2.0.26", index = "https://github.com/pesde-pkg/index" }, "dev"]
frktest = [{ name = "itsfrank/frktest", version = "^0.0.4", index = "https://github.com/pesde-pkg/index", target = "luau" }, "dev"]
luau-lsp = [{ name = "pesde/luau_lsp", version = "^1.53.5", index = "https://github.com/pesde-pkg/index" }, "dev"]
pathfs = [{ name = "jiwonz/pathfs", version = "^0.6.0", index = "https://github.com/pesde-pkg/index" }, "dev"]
rojo = [{ name = "pesde/rojo", version = "^7.5.1", index = "https://github.com/pesde-pkg/index" }, "dev"]
stylua = [{ name = "pesde/stylua", version = "^2.2.0", index = "https://github.com/pesde-pkg/index" }, "dev"]

[graph."pesde/scripts_rojo@0.2.0 lune"]
direct = ["scripts", { name = "pesde/scripts_rojo", version = "^0.2.0", index = "default", target = "lune" }, "dev"]

[graph."pesde/scripts_rojo@0.2.0 lune".dependencies]
rojo = ["pesde/rojo@7.6.1 lune", "peer"]
scripts_core = ["pesde/scripts_core@0.2.0 lune", "standard"]

[graph."pesde/scripts_rojo@0.2.0 lune".pkg_ref]
ref_ty = "pesde"
index_url = "https://github.com/pesde-pkg/index"

[graph."pesde/scripts_rojo@0.2.0 lune".pkg_ref.dependencies]
rojo = [{ name = "pesde/rojo", version = "^7.5.1", index = "https://github.com/pesde-pkg/index" }, "peer"]
scripts_core = [{ name = "pesde/scripts_core", version = "^0.2.0", index = "https://github.com/pesde-pkg/index", target = "lune" }, "standard"]

[graph."pesde/toolchainlib@0.2.2 lune".dependencies]
dirs = ["jiwonz/dirs@0.6.0 lune", "standard"]
option = ["lukadev_0/option@1.2.1 lune", "peer"]
pathfs = ["jiwonz/pathfs@0.6.0 lune", "standard"]
result = ["lukadev_0/result@1.2.1 lune", "peer"]
unzip = ["0x5eal/unzip@0.2.0 luau", "standard"]

[graph."pesde/toolchainlib@0.2.2 lune".pkg_ref]
ref_ty = "pesde"
index_url = "https://github.com/pesde-pkg/index"

[graph."pesde/toolchainlib@0.2.2 lune".pkg_ref.dependencies]
dirs = [{ name = "jiwonz/dirs", version = "^0.6.0", index = "https://github.com/pesde-pkg/index" }, "standard"]
option = [{ name = "lukadev_0/option", version = "^1.2.1", index = "https://github.com/pesde-pkg/index" }, "peer"]
pathfs = [{ name = "jiwonz/pathfs", version = "^0.6.0", index = "https://github.com/pesde-pkg/index" }, "standard"]
result = [{ name = "lukadev_0/result", version = "^1.2.1", index = "https://github.com/pesde-pkg/index" }, "peer"]
unzip = [{ name = "0x5eal/unzip", version = "^0.2.0", index = "https://github.com/pesde-pkg/index", target = "luau" }, "standard"]

[graph."story_bakery/setup_project_configs@0.1.12 lune"]
direct = ["setup-project-configs", { repo = "https://github.com/StoryBakery/setup-project-configs", rev = "0ba9379f8709c3e846ae04180fd8fba854ed52ae" }, "dev"]

[graph."story_bakery/setup_project_configs@0.1.12 lune".pkg_ref]
ref_ty = "git"
repo = "https://github.com/StoryBakery/setup-project-configs"
tree_id = "fd1b8b23abfe7388816bb435c8e1aa2708eabf08"
new_structure = true

[graph."storybakery/buffer_builder@0.1.0 roblox"]
direct = ["BufferBuilder", { repo = "https://github.com/StoryBakery/BufferBuilder", rev = "02a2fb0180137fce712100a8b205ef4b8d5e5752" }, "standard"]

[graph."storybakery/buffer_builder@0.1.0 roblox".dependencies]
BufferReader = ["storybakery/buffer_reader@0.1.1 roblox", "standard"]

[graph."storybakery/buffer_builder@0.1.0 roblox".pkg_ref]
ref_ty = "git"
repo = "https://github.com/StoryBakery/BufferBuilder"
tree_id = "cf9033690b63b4e02752308eaae0d958a3f95a45"
new_structure = true

[graph."storybakery/buffer_builder@0.1.0 roblox".pkg_ref.dependencies]
BufferReader = [{ repo = "https://github.com/StoryBakery/BufferReader", rev = "main" }, "standard"]
rojo = [{ name = "pesde/rojo", version = "^7.5.1", index = "https://github.com/pesde-pkg/index", target = "lune" }, "dev"]
scripts = [{ name = "pesde/scripts_rojo", version = "^0.2.0", index = "https://github.com/pesde-pkg/index", target = "lune" }, "dev"]

[graph."storybakery/buffer_reader@0.1.1 roblox"]
direct = ["BufferReader", { repo = "https://github.com/StoryBakery/BufferReader", rev = "b398d6f399a8f2910963eacedb8d05282aaf958a" }, "standard"]

[graph."storybakery/buffer_reader@0.1.1 roblox".pkg_ref]
ref_ty = "git"
repo = "https://github.com/StoryBakery/BufferReader"
tree_id = "467f2e0ef5d68e31936ca113c7db7446fb269bfd"
new_structure = true

[graph."storybakery/buffer_reader@0.1.1 roblox".pkg_ref.dependencies]
pesde-gitrev = [{ repo = "https://github.com/StoryBakery/pesde-gitrev", rev = "720daa5342f214c4ee53c978e56daae5884199a2" }, "dev"]
rojo = [{ name = "pesde/rojo", version = "^7.5.1", index = "https://github.com/pesde-pkg/index", target = "lune" }, "dev"]
scripts = [{ name = "pesde/scripts_rojo", version = "^0.2.0", index = "https://github.com/pesde-pkg/index", target = "lune" }, "dev"]
setup-project-configs = [{ repo = "https://github.com/StoryBakery/setup-project-configs", rev = "0ba9379f8709c3e846ae04180fd8fba854ed52ae" }, "dev"]

[graph."storybakery/linear_interpolation@0.1.1 roblox"]
direct = ["LinearInterpolation", { repo = "https://github.com/StoryBakery/LinearInterpolation", rev = "4b5dfbedba536567f3d494e519ddbb71360dbf5a" }, "standard"]

[graph."storybakery/linear_interpolation@0.1.1 roblox".pkg_ref]
ref_ty = "git"
repo = "https://github.com/StoryBakery/LinearInterpolation"
tree_id = "8800ab4a0ae78a59eae0513fc1a0a3e6a2bfe719"
new_structure = true

[graph."storybakery/linear_interpolation@0.1.1 roblox".pkg_ref.dependencies]
pesde-gitrev = [{ repo = "https://github.com/StoryBakery/pesde-gitrev", rev = "720daa5342f214c4ee53c978e56daae5884199a2" }, "dev"]
rojo = [{ name = "pesde/rojo", version = "^7.5.1", index = "https://github.com/pesde-pkg/index", target = "lune" }, "dev"]
scripts = [{ name = "pesde/scripts_rojo", version = "^0.2.0", index = "https://github.com/pesde-pkg/index", target = "lune" }, "dev"]
setup-project-configs = [{ repo = "https://github.com/StoryBakery/setup-project-configs", rev = "0ba9379f8709c3e846ae04180fd8fba854ed52ae" }, "dev"]

[graph."storybakery/maid@0.1.1 roblox"]
direct = ["Maid", { repo = "https://github.com/StoryBakery/Maid", rev = "d23aca3d40f14b4f08ff83f33119094de1b9e819" }, "standard"]

[graph."storybakery/maid@0.1.1 roblox".dependencies]
Signal = ["storybakery/signal@0.1.2 roblox", "standard"]

[graph."storybakery/maid@0.1.1 roblox".pkg_ref]
ref_ty = "git"
repo = "https://github.com/StoryBakery/Maid"
tree_id = "671613f5ada3fda359a53fa2cb35d00dda7850d4"
new_structure = true

[graph."storybakery/maid@0.1.1 roblox".pkg_ref.dependencies]
rojo = [{ name = "pesde/rojo", version = "^7.5.1", index = "https://github.com/pesde-pkg/index", target = "lune" }, "dev"]
scripts = [{ name = "pesde/scripts_rojo", version = "^0.2.0", index = "https://github.com/pesde-pkg/index", target = "lune" }, "dev"]
Signal = [{ repo = "https://github.com/StoryBakery/Signal", rev = "main" }, "standard"]

[graph."storybakery/pesde_gitrev@0.1.3 lune"]
direct = ["pesde-gitrev", { repo = "https://github.com/StoryBakery/pesde-gitrev", rev = "720daa5342f214c4ee53c978e56daae5884199a2" }, "dev"]

[graph."storybakery/pesde_gitrev@0.1.3 lune".pkg_ref]
ref_ty = "git"
repo = "https://github.com/StoryBakery/pesde-gitrev"
tree_id = "b1e3adb999485d8d458cd078963d41564d4ab8ec"
new_structure = true

[graph."storybakery/replicated_instance_id@0.1.0 roblox"]
direct = ["ReplicatedInstanceId", { repo = "https://github.com/StoryBakery/ReplicatedInstanceId", rev = "acf7dc27b7dfd6058aaf8b29833f132a71c0e445" }, "standard"]

[graph."storybakery/replicated_instance_id@0.1.0 roblox".dependencies]
base91 = ["wally#dekkonot/base91@1.1.0 roblox", "standard"]
promise = ["wally#evaera/promise@4.0.0 roblox", "standard"]

[graph."storybakery/replicated_instance_id@0.1.0 roblox".pkg_ref]
ref_ty = "git"
repo = "https://github.com/StoryBakery/ReplicatedInstanceId"
tree_id = "6fb85b5f1025335ad92796819074eb4a1b5aa282"
new_structure = true

[graph."storybakery/replicated_instance_id@0.1.0 roblox".pkg_ref.dependencies]
base91 = [{ wally = "wally#dekkonot/base91", version = "^1.1.0", index = "https://github.com/UpliftGames/wally-index" }, "standard"]
promise = [{ wally = "wally#evaera/promise", version = "^4.0.0", index = "https://github.com/UpliftGames/wally-index" }, "standard"]
rojo = [{ name = "pesde/rojo", version = "^7.5.1", index = "https://github.com/pesde-pkg/index", target = "lune" }, "dev"]
scripts = [{ name = "pesde/scripts_rojo", version = "^0.2.0", index = "https://github.com/pesde-pkg/index", target = "lune" }, "dev"]

[graph."storybakery/signal@0.1.2 roblox"]
direct = ["Signal", { repo = "https://github.com/StoryBakery/Signal", rev = "6b736fa475ea571a0cb488b7ffbcc0f775d9fb5a" }, "standard"]

[graph."storybakery/signal@0.1.2 roblox".pkg_ref]
ref_ty = "git"
repo = "https://github.com/StoryBakery/Signal"
tree_id = "3784e981b97a57c4d2b2890a30da632bdbcf38b6"
new_structure = true

[graph."storybakery/signal@0.1.2 roblox".pkg_ref.dependencies]
rojo = [{ name = "pesde/rojo", version = "^7.5.1", index = "https://github.com/pesde-pkg/index", target = "lune" }, "dev"]
scripts = [{ name = "pesde/scripts_rojo", version = "^0.2.0", index = "https://github.com/pesde-pkg/index", target = "lune" }, "dev"]

[graph."storybakery/table_util@0.1.0 roblox"]
direct = ["TableUtil", { repo = "https://github.com/StoryBakery/TableUtil", rev = "961700292dd382b062955e16cac7ccccc361cdfa" }, "standard"]

[graph."storybakery/table_util@0.1.0 roblox".pkg_ref]
ref_ty = "git"
repo = "https://github.com/StoryBakery/TableUtil"
tree_id = "8e558b1fd551a68678d5be7a255d395d5dccfae7"
new_structure = true

[graph."storybakery/table_util@0.1.0 roblox".pkg_ref.dependencies]
rojo = [{ name = "pesde/rojo", version = "^7.5.1", index = "https://github.com/pesde-pkg/index", target = "lune" }, "dev"]
scripts = [{ name = "pesde/scripts_rojo", version = "^0.2.0", index = "https://github.com/pesde-pkg/index", target = "lune" }, "dev"]

[graph."storybakery/type_infos@0.1.1 roblox"]
direct = ["TypeInfos", { repo = "https://github.com/StoryBakery/TypeInfos", rev = "a7362072a5afd85bee6583f05398a09438a039b5" }, "standard"]

[graph."storybakery/type_infos@0.1.1 roblox".dependencies]
ReplicatedInstanceId = ["storybakery/replicated_instance_id@0.1.0 roblox", "standard"]
TableUtil = ["storybakery/table_util@0.1.0 roblox", "standard"]

[graph."storybakery/type_infos@0.1.1 roblox".pkg_ref]
ref_ty = "git"
repo = "https://github.com/StoryBakery/TypeInfos"
tree_id = "a70c522275212a436222a4db3aff2faa8e807534"
new_structure = true

[graph."storybakery/type_infos@0.1.1 roblox".pkg_ref.dependencies]
ReplicatedInstanceId = [{ repo = "https://github.com/StoryBakery/ReplicatedInstanceId", rev = "main" }, "standard"]
rojo = [{ name = "pesde/rojo", version = "^7.5.1", index = "https://github.com/pesde-pkg/index", target = "lune" }, "dev"]
scripts = [{ name = "pesde/scripts_rojo", version = "^0.2.0", index = "https://github.com/pesde-pkg/index", target = "lune" }, "dev"]
TableUtil = [{ repo = "https://github.com/StoryBakery/TableUtil", rev = "main" }, "standard"]

[graph."wally#dekkonot/base91@1.1.0 roblox".pkg_ref]
ref_ty = "wally"
index_url = "https://github.com/UpliftGames/wally-index"

[graph."wally#evaera/promise@4.0.0 roblox"]
direct = ["promise", { wally = "wally#evaera/promise", version = "^4.0.0", index = "default" }, "standard"]

[graph."wally#evaera/promise@4.0.0 roblox".pkg_ref]
ref_ty = "wally"
index_url = "https://github.com/UpliftGames/wally-index"
