# This file is automatically @generated by pesde.
# It is not intended for manual editing.
format = 2
name = "story_bakery/value_by_priority"
version = "0.1.0"
target = "roblox"

[graph."story_bakery/buffer_builder@0.1.0 roblox"]
direct = ["BufferBuilder", { repo = "https://github.com/Story-Bakery/BufferBuilder", rev = "main" }, "standard"]

[graph."story_bakery/buffer_builder@0.1.0 roblox".dependencies]
BufferReader = ["story_bakery/buffer_reader@0.1.0 roblox", "standard"]

[graph."story_bakery/buffer_builder@0.1.0 roblox".pkg_ref]
ref_ty = "git"
repo = "https://github.com/Story-Bakery/BufferBuilder"
tree_id = "ab5609f143433904db4d059cfe658ced4cb4101e"
new_structure = true

[graph."story_bakery/buffer_builder@0.1.0 roblox".pkg_ref.dependencies]
BufferReader = [{ repo = "https://github.com/Story-Bakery/BufferReader", rev = "main" }, "standard"]

[graph."story_bakery/buffer_reader@0.1.0 roblox"]
direct = ["BufferReader", { repo = "https://github.com/Story-Bakery/BufferReader", rev = "main" }, "standard"]

[graph."story_bakery/buffer_reader@0.1.0 roblox".pkg_ref]
ref_ty = "git"
repo = "https://github.com/Story-Bakery/BufferReader"
tree_id = "5d52e9ed3e437fe256083937503d5e128adfa9d4"
new_structure = true

[graph."story_bakery/linear_interpolation@0.1.0 roblox"]
direct = ["LinearInterpolation", { repo = "https://github.com/Story-Bakery/LinearInterpolation", rev = "main" }, "standard"]

[graph."story_bakery/linear_interpolation@0.1.0 roblox".pkg_ref]
ref_ty = "git"
repo = "https://github.com/Story-Bakery/LinearInterpolation"
tree_id = "09b074a8a4038570abed30400fdb37961375969f"
new_structure = true

[graph."story_bakery/maid@0.1.0 roblox"]
direct = ["Maid", { repo = "https://github.com/Story-Bakery/Maid", rev = "main" }, "standard"]

[graph."story_bakery/maid@0.1.0 roblox".dependencies]
Signal = ["story_bakery/signal@0.1.0 roblox", "standard"]

[graph."story_bakery/maid@0.1.0 roblox".pkg_ref]
ref_ty = "git"
repo = "https://github.com/Story-Bakery/Maid"
tree_id = "efe943acbaa3b77afd0b88ab523cf9095cd5bf33"
new_structure = true

[graph."story_bakery/maid@0.1.0 roblox".pkg_ref.dependencies]
Signal = [{ repo = "https://github.com/Story-Bakery/Signal", rev = "main" }, "standard"]

[graph."story_bakery/replicated_instance_id@0.1.0 roblox"]
direct = ["ReplicatedInstanceId", { repo = "https://github.com/Story-Bakery/ReplicatedInstanceId", rev = "main" }, "standard"]

[graph."story_bakery/replicated_instance_id@0.1.0 roblox".dependencies]
base91 = ["wally#dekkonot/base91@1.1.0 roblox", "standard"]
promise = ["wally#evaera/promise@4.0.0 roblox", "standard"]

[graph."story_bakery/replicated_instance_id@0.1.0 roblox".pkg_ref]
ref_ty = "git"
repo = "https://github.com/Story-Bakery/ReplicatedInstanceId"
tree_id = "fbf3e84215bb25d932abed9fd6499512de6c3a0b"
new_structure = true

[graph."story_bakery/replicated_instance_id@0.1.0 roblox".pkg_ref.dependencies]
base91 = [{ wally = "wally#dekkonot/base91", version = "^1.1.0", index = "https://github.com/UpliftGames/wally-index" }, "standard"]
promise = [{ wally = "wally#evaera/promise", version = "^4.0.0", index = "https://github.com/UpliftGames/wally-index" }, "standard"]

[graph."story_bakery/signal@0.1.0 roblox"]
direct = ["Signal", { repo = "https://github.com/Story-Bakery/Signal", rev = "main" }, "standard"]

[graph."story_bakery/signal@0.1.0 roblox".pkg_ref]
ref_ty = "git"
repo = "https://github.com/Story-Bakery/Signal"
tree_id = "3e5874381505b3d5e0fe489cb91b36c9bf7d3a1f"
new_structure = true

[graph."story_bakery/table_util@0.1.0 roblox"]
direct = ["TableUtil", { repo = "https://github.com/Story-Bakery/TableUtil", rev = "main" }, "standard"]

[graph."story_bakery/table_util@0.1.0 roblox".pkg_ref]
ref_ty = "git"
repo = "https://github.com/Story-Bakery/TableUtil"
tree_id = "0635785b8848b0239edcd078dcde056acb9defa8"
new_structure = true

[graph."story_bakery/type_infos@0.1.0 roblox"]
direct = ["TypeInfos", { repo = "https://github.com/Story-Bakery/TypeInfos", rev = "main" }, "standard"]

[graph."story_bakery/type_infos@0.1.0 roblox".dependencies]
ReplicatedInstanceId = ["story_bakery/replicated_instance_id@0.1.0 roblox", "standard"]
TableUtil = ["story_bakery/table_util@0.1.0 roblox", "standard"]

[graph."story_bakery/type_infos@0.1.0 roblox".pkg_ref]
ref_ty = "git"
repo = "https://github.com/Story-Bakery/TypeInfos"
tree_id = "b511369e89683279712c0879654db6a4d6202c68"
new_structure = true

[graph."story_bakery/type_infos@0.1.0 roblox".pkg_ref.dependencies]
ReplicatedInstanceId = [{ repo = "https://github.com/Story-Bakery/ReplicatedInstanceId", rev = "main" }, "standard"]
TableUtil = [{ repo = "https://github.com/Story-Bakery/TableUtil", rev = "main" }, "standard"]

[graph."wally#dekkonot/base91@1.1.0 roblox".pkg_ref]
ref_ty = "wally"
index_url = "https://github.com/UpliftGames/wally-index"

[graph."wally#evaera/promise@4.0.0 roblox".pkg_ref]
ref_ty = "wally"
index_url = "https://github.com/UpliftGames/wally-index"
